github.com/FortAwesome/Font-Awesome v0.0.0-20191210225213-d8db3d032d22/go.mod h1:IUgezN/MFpCDIlFezw3L8j83oeiIuYoj28Miwr/KUYo=
github.com/FortAwesome/Font-Awesome v0.0.0-20200205143640-0d1f27efb836/go.mod h1:IUgezN/MFpCDIlFezw3L8j83oeiIuYoj28Miwr/KUYo=
github.com/FortAwesome/Font-Awesome v4.7.0+incompatible h1:3trjm7NtX5NXlju1AxSWSzedDMq2hsfH78Qtqrc8EgY=
github.com/FortAwesome/Font-Awesome v4.7.0+incompatible/go.mod h1:IUgezN/MFpCDIlFezw3L8j83oeiIuYoj28Miwr/KUYo=
github.com/alpinejs/alpine v1.9.7/go.mod h1:BKI81egATMnaKqFeX5HEfYMnjZjcjcZmrYAu5Nck+EY=
github.com/bep/hugo-dummy-content v0.0.0-20200212163541-a193b39e0825 h1:odalj500VwCfhpfynsomzraoWZXLe68SI+sMYjB4wOw=
github.com/bep/hugo-dummy-content v0.0.0-20200212163541-a193b39e0825/go.mod h1:xoSEb9mk9xkY7Sd0oN6AB8gDsvbal8YKKIicKcsrqcA=
github.com/bep/hugo-dummy-content v0.0.0-20200213100122-e3762e3259f5 h1:DXJ2cyoqg3dxg0u3F6IfduOw97FGp/PBMDnaKEr9GXo=
github.com/bep/hugo-dummy-content v0.0.0-20200213100122-e3762e3259f5/go.mod h1:xoSEb9mk9xkY7Sd0oN6AB8gDsvbal8YKKIicKcsrqcA=
github.com/bep/hugo-dummy-content v0.0.0-20200213100835-767c80cfe937 h1:AZROYmy12DLzGu0oMt/Xvp6ibKLwk6sUYKlcKEFhvSI=
github.com/bep/hugo-dummy-content v0.0.0-20200213100835-767c80cfe937/go.mod h1:xoSEb9mk9xkY7Sd0oN6AB8gDsvbal8YKKIicKcsrqcA=
github.com/bep/hugo-dummy-content v0.0.0-20200213160018-e1f679033bf4 h1:2B9xUmkpHhpj/hCND0oeRYPE6TtuFraFDeCwlL5ajfU=
github.com/bep/hugo-dummy-content v0.0.0-20200213160018-e1f679033bf4/go.mod h1:xoSEb9mk9xkY7Sd0oN6AB8gDsvbal8YKKIicKcsrqcA=
github.com/bep/hugo-jslibs v0.0.0-20200204093636-5f108da7e831 h1:2QuaC7Ffx/2mI4vPl8YddFQ02jijQ1IS5vJTZFbATjM=
github.com/bep/hugo-jslibs/alpinejs v0.1.0/go.mod h1:lsA5YidERLfH5waalbVhqmzDY7RElccnQzIrsEmMKSs=
github.com/bep/hugo-jslibs/alpinejs_turbolinks v0.2.0 h1:SpZnurR8V/xvTDUsIryowK3VEgOJaunateLYCtnlPEE=
github.com/bep/hugo-jslibs/alpinejs_turbolinks v0.2.0/go.mod h1:7ezFucxdiCYdrQE8LtGhvBCk+TQ7s1LwMjslEMGv3c0=
github.com/bep/hugo-jslibs/turbolinks v0.1.0/go.mod h1:CQHa51PjmF5gavvhS3JKSE9ywo8h7QgOj3D88ry6qu0=
github.com/bep/portable-hugo-links v0.5.3/go.mod h1:THWnsWZWDsb4mF//7zPGPngV3N7HIOvIydJLClUvMRU=
github.com/jgthms/bulma v0.0.0-20200206142631-0c43b9e4663a h1:e6ZijFyEc1QGcviYF7GqbTUgwd7onFbc3412SJY//DA=
github.com/jgthms/bulma v0.0.0-20200206142631-0c43b9e4663a/go.mod h1:89FLBKXYFKfOKAoDeUT26V0pHGwzr205cMXAEqtAVOI=
github.com/turbolinks/turbolinks-source-gem v5.2.0+incompatible/go.mod h1:Cl0Br9tUXkQvxumVNGTvyaa7dqpFC2kPMrsS0Ttc94U=
